
Microsoft Visual Studio Solution File, Format Version 12.00
# Visual Studio Version 17
VisualStudioVersion = 17.4.33110.190
MinimumVisualStudioVersion = 10.0.40219.1
Project("{2150E333-8FDC-42A3-9474-1A3956D46DE8}") = "src", "src", "{21D07329-65C4-4F37-B9C7-4EEE0F8B2D65}"
EndProject
Project("{9A19103F-16F7-4668-BE54-9A1E7A4F7556}") = "Shell", "Shell\Shell.csproj", "{BE30C642-36F7-4543-95C7-4D7CE852A372}"
EndProject
Project("{2150E333-8FDC-42A3-9474-1A3956D46DE8}") = "tests", "tests", "{F335BC82-9F7D-4E5C-B14A-D8DE76CEF4AD}"
EndProject
Project("{2150E333-8FDC-42A3-9474-1A3956D46DE8}") = "docker-compose", "docker-compose", "{B2DB5DF5-25F8-4E9C-8248-4CE9C21DE9E0}"
EndProject
Project("{FAE04EC0-301F-11D3-BF4B-00C04F79EFBC}") = "Application", "Application\Application.csproj", "{AA30A478-8242-4732-8D52-1A0D435EF368}"
EndProject
Project("{FAE04EC0-301F-11D3-BF4B-00C04F79EFBC}") = "Domain", "Domain\Domain.csproj", "{DFD30944-EB45-4BDE-A002-4DCC578760CF}"
EndProject
Project("{FAE04EC0-301F-11D3-BF4B-00C04F79EFBC}") = "Infrastructure", "Infrastructure\Infrastructure.csproj", "{B6DCB358-090B-4831-B44F-2FDB1F7E315E}"
EndProject
Global
	GlobalSection(SolutionConfigurationPlatforms) = preSolution
		Debug|Any CPU = Debug|Any CPU
		Release|Any CPU = Release|Any CPU
	EndGlobalSection
	GlobalSection(ProjectConfigurationPlatforms) = postSolution
		{BE30C642-36F7-4543-95C7-4D7CE852A372}.Debug|Any CPU.ActiveCfg = Debug|Any CPU
		{BE30C642-36F7-4543-95C7-4D7CE852A372}.Debug|Any CPU.Build.0 = Debug|Any CPU
		{BE30C642-36F7-4543-95C7-4D7CE852A372}.Release|Any CPU.ActiveCfg = Release|Any CPU
		{BE30C642-36F7-4543-95C7-4D7CE852A372}.Release|Any CPU.Build.0 = Release|Any CPU
		{AA30A478-8242-4732-8D52-1A0D435EF368}.Debug|Any CPU.ActiveCfg = Debug|Any CPU
		{AA30A478-8242-4732-8D52-1A0D435EF368}.Debug|Any CPU.Build.0 = Debug|Any CPU
		{AA30A478-8242-4732-8D52-1A0D435EF368}.Release|Any CPU.ActiveCfg = Release|Any CPU
		{AA30A478-8242-4732-8D52-1A0D435EF368}.Release|Any CPU.Build.0 = Release|Any CPU
		{DFD30944-EB45-4BDE-A002-4DCC578760CF}.Debug|Any CPU.ActiveCfg = Debug|Any CPU
		{DFD30944-EB45-4BDE-A002-4DCC578760CF}.Debug|Any CPU.Build.0 = Debug|Any CPU
		{DFD30944-EB45-4BDE-A002-4DCC578760CF}.Release|Any CPU.ActiveCfg = Release|Any CPU
		{DFD30944-EB45-4BDE-A002-4DCC578760CF}.Release|Any CPU.Build.0 = Release|Any CPU
		{B6DCB358-090B-4831-B44F-2FDB1F7E315E}.Debug|Any CPU.ActiveCfg = Debug|Any CPU
		{B6DCB358-090B-4831-B44F-2FDB1F7E315E}.Debug|Any CPU.Build.0 = Debug|Any CPU
		{B6DCB358-090B-4831-B44F-2FDB1F7E315E}.Release|Any CPU.ActiveCfg = Release|Any CPU
		{B6DCB358-090B-4831-B44F-2FDB1F7E315E}.Release|Any CPU.Build.0 = Release|Any CPU
	EndGlobalSection
	GlobalSection(SolutionProperties) = preSolution
		HideSolutionNode = FALSE
	EndGlobalSection
	GlobalSection(NestedProjects) = preSolution
		{BE30C642-36F7-4543-95C7-4D7CE852A372} = {21D07329-65C4-4F37-B9C7-4EEE0F8B2D65}
		{AA30A478-8242-4732-8D52-1A0D435EF368} = {21D07329-65C4-4F37-B9C7-4EEE0F8B2D65}
		{DFD30944-EB45-4BDE-A002-4DCC578760CF} = {21D07329-65C4-4F37-B9C7-4EEE0F8B2D65}
		{B6DCB358-090B-4831-B44F-2FDB1F7E315E} = {21D07329-65C4-4F37-B9C7-4EEE0F8B2D65}
	EndGlobalSection
	GlobalSection(ExtensibilityGlobals) = postSolution
		SolutionGuid = {50B61CF1-2F47-49E2-872E-4FBCD2D074BE}
	EndGlobalSection
EndGlobal
